// !$*UTF8*$!
{
	archiveVersion = 1;
	classes = {
	};
	objectVersion = 50;
	objects = {

/* Begin PBXBuildFile section */
		F81D4C1F22B9FBC700D82B84 /* AppDelegate.m in Sources */ = {isa = PBXBuildFile; fileRef = F81D4C1E22B9FBC700D82B84 /* AppDelegate.m */; };
		F81D4C2222B9FBC700D82B84 /* ViewController.m in Sources */ = {isa = PBXBuildFile; fileRef = F81D4C2122B9FBC700D82B84 /* ViewController.m */; };
		F81D4C2522B9FBC700D82B84 /* Main.storyboard in Resources */ = {isa = PBXBuildFile; fileRef = F81D4C2322B9FBC700D82B84 /* Main.storyboard */; };
		F81D4C2722B9FBC800D82B84 /* Assets.xcassets in Resources */ = {isa = PBXBuildFile; fileRef = F81D4C2622B9FBC800D82B84 /* Assets.xcassets */; };
		F81D4C2A22B9FBC800D82B84 /* LaunchScreen.storyboard in Resources */ = {isa = PBXBuildFile; fileRef = F81D4C2822B9FBC800D82B84 /* LaunchScreen.storyboard */; };
		F81D4C2D22B9FBC800D82B84 /* main.m in Sources */ = {isa = PBXBuildFile; fileRef = F81D4C2C22B9FBC800D82B84 /* main.m */; };
		F81D4C3722B9FBC800D82B84 /* lengli_learnTests.m in Sources */ = {isa = PBXBuildFile; fileRef = F81D4C3622B9FBC800D82B84 /* lengli_learnTests.m */; };
		F81D4C4222B9FBC800D82B84 /* lengli_learnUITests.m in Sources */ = {isa = PBXBuildFile; fileRef = F81D4C4122B9FBC800D82B84 /* lengli_learnUITests.m */; };
/* End PBXBuildFile section */

/* Begin PBXContainerItemProxy section */
		F81D4C3322B9FBC800D82B84 /* PBXContainerItemProxy */ = {
			isa = PBXContainerItemProxy;
			containerPortal = F81D4C1222B9FBC700D82B84 /* Project object */;
			proxyType = 1;
			remoteGlobalIDString = F81D4C1922B9FBC700D82B84;
			remoteInfo = lengli_learn;
		};
		F81D4C3E22B9FBC800D82B84 /* PBXContainerItemProxy */ = {
			isa = PBXContainerItemProxy;
			containerPortal = F81D4C1222B9FBC700D82B84 /* Project object */;
			proxyType = 1;
			remoteGlobalIDString = F81D4C1922B9FBC700D82B84;
			remoteInfo = lengli_learn;
		};
/* End PBXContainerItemProxy section */

/* Begin PBXFileReference section */
		F81D4C1A22B9FBC700D82B84 /* lengli_learn.app */ = {isa = PBXFileReference; explicitFileType = wrapper.application; includeInIndex = 0; path = lengli_learn.app; sourceTree = BUILT_PRODUCTS_DIR; };
		F81D4C1D22B9FBC700D82B84 /* AppDelegate.h */ = {isa = PBXFileReference; lastKnownFileType = sourcecode.c.h; path = AppDelegate.h; sourceTree = "<group>"; };
		F81D4C1E22B9FBC700D82B84 /* AppDelegate.m */ = {isa = PBXFileReference; lastKnownFileType = sourcecode.c.objc; path = AppDelegate.m; sourceTree = "<group>"; };
		F81D4C2022B9FBC700D82B84 /* ViewController.h */ = {isa = PBXFileReference; lastKnownFileType = sourcecode.c.h; path = ViewController.h; sourceTree = "<group>"; };
		F81D4C2122B9FBC700D82B84 /* ViewController.m */ = {isa = PBXFileReference; lastKnownFileType = sourcecode.c.objc; path = ViewController.m; sourceTree = "<group>"; };
		F81D4C2422B9FBC700D82B84 /* Base */ = {isa = PBXFileReference; lastKnownFileType = file.storyboard; name = Base; path = Base.lproj/Main.storyboard; sourceTree = "<group>"; };
		F81D4C2622B9FBC800D82B84 /* Assets.xcassets */ = {isa = PBXFileReference; lastKnownFileType = folder.assetcatalog; path = Assets.xcassets; sourceTree = "<group>"; };
		F81D4C2922B9FBC800D82B84 /* Base */ = {isa = PBXFileReference; lastKnownFileType = file.storyboard; name = Base; path = Base.lproj/LaunchScreen.storyboard; sourceTree = "<group>"; };
		F81D4C2B22B9FBC800D82B84 /* Info.plist */ = {isa = PBXFileReference; lastKnownFileType = text.plist.xml; path = Info.plist; sourceTree = "<group>"; };
		F81D4C2C22B9FBC800D82B84 /* main.m */ = {isa = PBXFileReference; lastKnownFileType = sourcecode.c.objc; path = main.m; sourceTree = "<group>"; };
		F81D4C3222B9FBC800D82B84 /* lengli_learnTests.xctest */ = {isa = PBXFileReference; explicitFileType = wrapper.cfbundle; includeInIndex = 0; path = lengli_learnTests.xctest; sourceTree = BUILT_PRODUCTS_DIR; };
		F81D4C3622B9FBC800D82B84 /* lengli_learnTests.m */ = {isa = PBXFileReference; lastKnownFileType = sourcecode.c.objc; path = lengli_learnTests.m; sourceTree = "<group>"; };
		F81D4C3822B9FBC800D82B84 /* Info.plist */ = {isa = PBXFileReference; lastKnownFileType = text.plist.xml; path = Info.plist; sourceTree = "<group>"; };
		F81D4C3D22B9FBC800D82B84 /* lengli_learnUITests.xctest */ = {isa = PBXFileReference; explicitFileType = wrapper.cfbundle; includeInIndex = 0; path = lengli_learnUITests.xctest; sourceTree = BUILT_PRODUCTS_DIR; };
		F81D4C4122B9FBC800D82B84 /* lengli_learnUITests.m */ = {isa = PBXFileReference; lastKnownFileType = sourcecode.c.objc; path = lengli_learnUITests.m; sourceTree = "<group>"; };
		F81D4C4322B9FBC800D82B84 /* Info.plist */ = {isa = PBXFileReference; lastKnownFileType = text.plist.xml; path = Info.plist; sourceTree = "<group>"; };
/* End PBXFileReference section */

/* Begin PBXFrameworksBuildPhase section */
		F81D4C1722B9FBC700D82B84 /* Frameworks */ = {
			isa = PBXFrameworksBuildPhase;
			buildActionMask = 2147483647;
			files = (
			);
			runOnlyForDeploymentPostprocessing = 0;
		};
		F81D4C2F22B9FBC800D82B84 /* Frameworks */ = {
			isa = PBXFrameworksBuildPhase;
			buildActionMask = 2147483647;
			files = (
			);
			runOnlyForDeploymentPostprocessing = 0;
		};
		F81D4C3A22B9FBC800D82B84 /* Frameworks */ = {
			isa = PBXFrameworksBuildPhase;
			buildActionMask = 2147483647;
			files = (
			);
			runOnlyForDeploymentPostprocessing = 0;
		};
/* End PBXFrameworksBuildPhase section */

/* Begin PBXGroup section */
		F81D4C1122B9FBC700D82B84 = {
			isa = PBXGroup;
			children = (
				F81D4C1C22B9FBC700D82B84 /* lengli_learn */,
				F81D4C3522B9FBC800D82B84 /* lengli_learnTests */,
				F81D4C4022B9FBC800D82B84 /* lengli_learnUITests */,
				F81D4C1B22B9FBC700D82B84 /* Products */,
			);
			sourceTree = "<group>";
		};
		F81D4C1B22B9FBC700D82B84 /* Products */ = {
			isa = PBXGroup;
			children = (
				F81D4C1A22B9FBC700D82B84 /* lengli_learn.app */,
				F81D4C3222B9FBC800D82B84 /* lengli_learnTests.xctest */,
				F81D4C3D22B9FBC800D82B84 /* lengli_learnUITests.xctest */,
			);
			name = Products;
			sourceTree = "<group>";
		};
		F81D4C1C22B9FBC700D82B84 /* lengli_learn */ = {
			isa = PBXGroup;
			children = (
				F81D4C1D22B9FBC700D82B84 /* AppDelegate.h */,
				F81D4C1E22B9FBC700D82B84 /* AppDelegate.m */,
				F81D4C2022B9FBC700D82B84 /* ViewController.h */,
				F81D4C2122B9FBC700D82B84 /* ViewController.m */,
				F81D4C2322B9FBC700D82B84 /* Main.storyboard */,
				F81D4C2622B9FBC800D82B84 /* Assets.xcassets */,
				F81D4C2822B9FBC800D82B84 /* LaunchScreen.storyboard */,
				F81D4C2B22B9FBC800D82B84 /* Info.plist */,
				F81D4C2C22B9FBC800D82B84 /* main.m */,
			);
			path = lengli_learn;
			sourceTree = "<group>";
		};
		F81D4C3522B9FBC800D82B84 /* lengli_learnTests */ = {
			isa = PBXGroup;
			children = (
				F81D4C3622B9FBC800D82B84 /* lengli_learnTests.m */,
				F81D4C3822B9FBC800D82B84 /* Info.plist */,
			);
			path = lengli_learnTests;
			sourceTree = "<group>";
		};
		F81D4C4022B9FBC800D82B84 /* lengli_learnUITests */ = {
			isa = PBXGroup;
			children = (
				F81D4C4122B9FBC800D82B84 /* lengli_learnUITests.m */,
				F81D4C4322B9FBC800D82B84 /* Info.plist */,
			);
			path = lengli_learnUITests;
			sourceTree = "<group>";
		};
/* End PBXGroup section */

/* Begin PBXNativeTarget section */
		F81D4C1922B9FBC700D82B84 /* lengli_learn */ = {
			isa = PBXNativeTarget;
			buildConfigurationList = F81D4C4622B9FBC800D82B84 /* Build configuration list for PBXNativeTarget "lengli_learn" */;
			buildPhases = (
				F81D4C1622B9FBC700D82B84 /* Sources */,
				F81D4C1722B9FBC700D82B84 /* Frameworks */,
				F81D4C1822B9FBC700D82B84 /* Resources */,
			);
			buildRules = (
			);
			dependencies = (
			);
			name = lengli_learn;
			productName = lengli_learn;
			productReference = F81D4C1A22B9FBC700D82B84 /* lengli_learn.app */;
			productType = "com.apple.product-type.application";
		};
		F81D4C3122B9FBC800D82B84 /* lengli_learnTests */ = {
			isa = PBXNativeTarget;
			buildConfigurationList = F81D4C4922B9FBC800D82B84 /* Build configuration list for PBXNativeTarget "lengli_learnTests" */;
			buildPhases = (
				F81D4C2E22B9FBC800D82B84 /* Sources */,
				F81D4C2F22B9FBC800D82B84 /* Frameworks */,
				F81D4C3022B9FBC800D82B84 /* Resources */,
			);
			buildRules = (
			);
			dependencies = (
				F81D4C3422B9FBC800D82B84 /* PBXTargetDependency */,
			);
			name = lengli_learnTests;
			productName = lengli_learnTests;
			productReference = F81D4C3222B9FBC800D82B84 /* lengli_learnTests.xctest */;
			productType = "com.apple.product-type.bundle.unit-test";
		};
		F81D4C3C22B9FBC800D82B84 /* lengli_learnUITests */ = {
			isa = PBXNativeTarget;
			buildConfigurationList = F81D4C4C22B9FBC800D82B84 /* Build configuration list for PBXNativeTarget "lengli_learnUITests" */;
			buildPhases = (
				F81D4C3922B9FBC800D82B84 /* Sources */,
				F81D4C3A22B9FBC800D82B84 /* Frameworks */,
				F81D4C3B22B9FBC800D82B84 /* Resources */,
			);
			buildRules = (
			);
			dependencies = (
				F81D4C3F22B9FBC800D82B84 /* PBXTargetDependency */,
			);
			name = lengli_learnUITests;
			productName = lengli_learnUITests;
			productReference = F81D4C3D22B9FBC800D82B84 /* lengli_learnUITests.xctest */;
			productType = "com.apple.product-type.bundle.ui-testing";
		};
/* End PBXNativeTarget section */

/* Begin PBXProject section */
		F81D4C1222B9FBC700D82B84 /* Project object */ = {
			isa = PBXProject;
			attributes = {
				LastUpgradeCheck = 1020;
				ORGANIZATIONNAME = "li leng";
				TargetAttributes = {
					F81D4C1922B9FBC700D82B84 = {
						CreatedOnToolsVersion = 10.2.1;
					};
					F81D4C3122B9FBC800D82B84 = {
						CreatedOnToolsVersion = 10.2.1;
						TestTargetID = F81D4C1922B9FBC700D82B84;
					};
					F81D4C3C22B9FBC800D82B84 = {
						CreatedOnToolsVersion = 10.2.1;
						TestTargetID = F81D4C1922B9FBC700D82B84;
					};
				};
			};
			buildConfigurationList = F81D4C1522B9FBC700D82B84 /* Build configuration list for PBXProject "lengli_learn" */;
			compatibilityVersion = "Xcode 9.3";
			developmentRegion = en;
			hasScannedForEncodings = 0;
			knownRegions = (
				en,
				Base,
			);
			mainGroup = F81D4C1122B9FBC700D82B84;
			productRefGroup = F81D4C1B22B9FBC700D82B84 /* Products */;
			projectDirPath = "";
			projectRoot = "";
			targets = (
				F81D4C1922B9FBC700D82B84 /* lengli_learn */,
				F81D4C3122B9FBC800D82B84 /* lengli_learnTests */,
				F81D4C3C22B9FBC800D82B84 /* lengli_learnUITests */,
			);
		};
/* End PBXProject section */

/* Begin PBXResourcesBuildPhase section */
		F81D4C1822B9FBC700D82B84 /* Resources */ = {
			isa = PBXResourcesBuildPhase;
			buildActionMask = 2147483647;
			files = (
				F81D4C2A22B9FBC800D82B84 /* LaunchScreen.storyboard in Resources */,
				F81D4C2722B9FBC800D82B84 /* Assets.xcassets in Resources */,
				F81D4C2522B9FBC700D82B84 /* Main.storyboard in Resources */,
			);
			runOnlyForDeploymentPostprocessing = 0;
		};
		F81D4C3022B9FBC800D82B84 /* Resources */ = {
			isa = PBXResourcesBuildPhase;
			buildActionMask = 2147483647;
			files = (
			);
			runOnlyForDeploymentPostprocessing = 0;
		};
		F81D4C3B22B9FBC800D82B84 /* Resources */ = {
			isa = PBXResourcesBuildPhase;
			buildActionMask = 2147483647;
			files = (
			);
			runOnlyForDeploymentPostprocessing = 0;
		};
/* End PBXResourcesBuildPhase section */

/* Begin PBXSourcesBuildPhase section */
		F81D4C1622B9FBC700D82B84 /* Sources */ = {
			isa = PBXSourcesBuildPhase;
			buildActionMask = 2147483647;
			files = (
				F81D4C2222B9FBC700D82B84 /* ViewController.m in Sources */,
				F81D4C2D22B9FBC800D82B84 /* main.m in Sources */,
				F81D4C1F22B9FBC700D82B84 /* AppDelegate.m in Sources */,
			);
			runOnlyForDeploymentPostprocessing = 0;
		};
		F81D4C2E22B9FBC800D82B84 /* Sources */ = {
			isa = PBXSourcesBuildPhase;
			buildActionMask = 2147483647;
			files = (
				F81D4C3722B9FBC800D82B84 /* lengli_learnTests.m in Sources */,
			);
			runOnlyForDeploymentPostprocessing = 0;
		};
		F81D4C3922B9FBC800D82B84 /* Sources */ = {
			isa = PBXSourcesBuildPhase;
			buildActionMask = 2147483647;
			files = (
				F81D4C4222B9FBC800D82B84 /* lengli_learnUITests.m in Sources */,
			);
			runOnlyForDeploymentPostprocessing = 0;
		};
/* End PBXSourcesBuildPhase section */

/* Begin PBXTargetDependency section */
		F81D4C3422B9FBC800D82B84 /* PBXTargetDependency */ = {
			isa = PBXTargetDependency;
			target = F81D4C1922B9FBC700D82B84 /* lengli_learn */;
			targetProxy = F81D4C3322B9FBC800D82B84 /* PBXContainerItemProxy */;
		};
		F81D4C3F22B9FBC800D82B84 /* PBXTargetDependency */ = {
			isa = PBXTargetDependency;
			target = F81D4C1922B9FBC700D82B84 /* lengli_learn */;
			targetProxy = F81D4C3E22B9FBC800D82B84 /* PBXContainerItemProxy */;
		};
/* End PBXTargetDependency section */

/* Begin PBXVariantGroup section */
		F81D4C2322B9FBC700D82B84 /* Main.storyboard */ = {
			isa = PBXVariantGroup;
			children = (
				F81D4C2422B9FBC700D82B84 /* Base */,
			);
			name = Main.storyboard;
			sourceTree = "<group>";
		};
		F81D4C2822B9FBC800D82B84 /* LaunchScreen.storyboard */ = {
			isa = PBXVariantGroup;
			children = (
				F81D4C2922B9FBC800D82B84 /* Base */,
			);
			name = LaunchScreen.storyboard;
			sourceTree = "<group>";
		};
/* End PBXVariantGroup section */

/* Begin XCBuildConfiguration section */
		F81D4C4422B9FBC800D82B84 /* Debug */ = {
			isa = XCBuildConfiguration;
			buildSettings = {
				ALWAYS_SEARCH_USER_PATHS = NO;
				CLANG_ANALYZER_NONNULL = YES;
				CLANG_ANALYZER_NUMBER_OBJECT_CONVERSION = YES_AGGRESSIVE;
				CLANG_CXX_LANGUAGE_STANDARD = "gnu++14";
				CLANG_CXX_LIBRARY = "libc++";
				CLANG_ENABLE_MODULES = YES;
				CLANG_ENABLE_OBJC_ARC = YES;
				CLANG_ENABLE_OBJC_WEAK = YES;
				CLANG_WARN_BLOCK_CAPTURE_AUTORELEASING = YES;
				CLANG_WARN_BOOL_CONVERSION = YES;
				CLANG_WARN_COMMA = YES;
				CLANG_WARN_CONSTANT_CONVERSION = YES;
				CLANG_WARN_DEPRECATED_OBJC_IMPLEMENTATIONS = YES;
				CLANG_WARN_DIRECT_OBJC_ISA_USAGE = YES_ERROR;
				CLANG_WARN_DOCUMENTATION_COMMENTS = YES;
				CLANG_WARN_EMPTY_BODY = YES;
				CLANG_WARN_ENUM_CONVERSION = YES;
				CLANG_WARN_INFINITE_RECURSION = YES;
				CLANG_WARN_INT_CONVERSION = YES;
				CLANG_WARN_NON_LITERAL_NULL_CONVERSION = YES;
				CLANG_WARN_OBJC_IMPLICIT_RETAIN_SELF = YES;
				CLANG_WARN_OBJC_LITERAL_CONVERSION = YES;
				CLANG_WARN_OBJC_ROOT_CLASS = YES_ERROR;
				CLANG_WARN_RANGE_LOOP_ANALYSIS = YES;
				CLANG_WARN_STRICT_PROTOTYPES = YES;
				CLANG_WARN_SUSPICIOUS_MOVE = YES;
				CLANG_WARN_UNGUARDED_AVAILABILITY = YES_AGGRESSIVE;
				CLANG_WARN_UNREACHABLE_CODE = YES;
				CLANG_WARN__DUPLICATE_METHOD_MATCH = YES;
				CODE_SIGN_IDENTITY = "iPhone Developer";
				COPY_PHASE_STRIP = NO;
				DEBUG_INFORMATION_FORMAT = dwarf;
				ENABLE_STRICT_OBJC_MSGSEND = YES;
				ENABLE_TESTABILITY = YES;
				GCC_C_LANGUAGE_STANDARD = gnu11;
				GCC_DYNAMIC_NO_PIC = NO;
				GCC_NO_COMMON_BLOCKS = YES;
				GCC_OPTIMIZATION_LEVEL = 0;
				GCC_PREPROCESSOR_DEFINITIONS = (
					"DEBUG=1",
					"$(inherited)",
				);
				GCC_WARN_64_TO_32_BIT_CONVERSION = YES;
				GCC_WARN_ABOUT_RETURN_TYPE = YES_ERROR;
				GCC_WARN_UNDECLARED_SELECTOR = YES;
				GCC_WARN_UNINITIALIZED_AUTOS = YES_AGGRESSIVE;
				GCC_WARN_UNUSED_FUNCTION = YES;
				GCC_WARN_UNUSED_VARIABLE = YES;
				IPHONEOS_DEPLOYMENT_TARGET = 12.2;
				MTL_ENABLE_DEBUG_INFO = INCLUDE_SOURCE;
				MTL_FAST_MATH = YES;
				ONLY_ACTIVE_ARCH = YES;
				SDKROOT = iphoneos;
			};
			name = Debug;
		};
		F81D4C4522B9FBC800D82B84 /* Release */ = {
			isa = XCBuildConfiguration;
			buildSettings = {
				ALWAYS_SEARCH_USER_PATHS = NO;
				CLANG_ANALYZER_NONNULL = YES;
				CLANG_ANALYZER_NUMBER_OBJECT_CONVERSION = YES_AGGRESSIVE;
				CLANG_CXX_LANGUAGE_STANDARD = "gnu++14";
				CLANG_CXX_LIBRARY = "libc++";
				CLANG_ENABLE_MODULES = YES;
				CLANG_ENABLE_OBJC_ARC = YES;
				CLANG_ENABLE_OBJC_WEAK = YES;
				CLANG_WARN_BLOCK_CAPTURE_AUTORELEASING = YES;
				CLANG_WARN_BOOL_CONVERSION = YES;
				CLANG_WARN_COMMA = YES;
				CLANG_WARN_CONSTANT_CONVERSION = YES;
				CLANG_WARN_DEPRECATED_OBJC_IMPLEMENTATIONS = YES;
				CLANG_WARN_DIRECT_OBJC_ISA_USAGE = YES_ERROR;
				CLANG_WARN_DOCUMENTATION_COMMENTS = YES;
				CLANG_WARN_EMPTY_BODY = YES;
				CLANG_WARN_ENUM_CONVERSION = YES;
				CLANG_WARN_INFINITE_RECURSION = YES;
				CLANG_WARN_INT_CONVERSION = YES;
				CLANG_WARN_NON_LITERAL_NULL_CONVERSION = YES;
				CLANG_WARN_OBJC_IMPLICIT_RETAIN_SELF = YES;
				CLANG_WARN_OBJC_LITERAL_CONVERSION = YES;
				CLANG_WARN_OBJC_ROOT_CLASS = YES_ERROR;
				CLANG_WARN_RANGE_LOOP_ANALYSIS = YES;
				CLANG_WARN_STRICT_PROTOTYPES = YES;
				CLANG_WARN_SUSPICIOUS_MOVE = YES;
				CLANG_WARN_UNGUARDED_AVAILABILITY = YES_AGGRESSIVE;
				CLANG_WARN_UNREACHABLE_CODE = YES;
				CLANG_WARN__DUPLICATE_METHOD_MATCH = YES;
				CODE_SIGN_IDENTITY = "iPhone Developer";
				COPY_PHASE_STRIP = NO;
				DEBUG_INFORMATION_FORMAT = "dwarf-with-dsym";
				ENABLE_NS_ASSERTIONS = NO;
				ENABLE_STRICT_OBJC_MSGSEND = YES;
				GCC_C_LANGUAGE_STANDARD = gnu11;
				GCC_NO_COMMON_BLOCKS = YES;
				GCC_WARN_64_TO_32_BIT_CONVERSION = YES;
				GCC_WARN_ABOUT_RETURN_TYPE = YES_ERROR;
				GCC_WARN_UNDECLARED_SELECTOR = YES;
				GCC_WARN_UNINITIALIZED_AUTOS = YES_AGGRESSIVE;
				GCC_WARN_UNUSED_FUNCTION = YES;
				GCC_WARN_UNUSED_VARIABLE = YES;
				IPHONEOS_DEPLOYMENT_TARGET = 12.2;
				MTL_ENABLE_DEBUG_INFO = NO;
				MTL_FAST_MATH = YES;
				SDKROOT = iphoneos;
				VALIDATE_PRODUCT = YES;
			};
			name = Release;
		};
		F81D4C4722B9FBC800D82B84 /* Debug */ = {
			isa = XCBuildConfiguration;
			buildSettings = {
				ASSETCATALOG_COMPILER_APPICON_NAME = AppIcon;
				CODE_SIGN_STYLE = Automatic;
				INFOPLIST_FILE = lengli_learn/Info.plist;
				LD_RUNPATH_SEARCH_PATHS = (
					"$(inherited)",
					"@executable_path/Frameworks",
				);
				PRODUCT_BUNDLE_IDENTIFIER = "com.Bitcoin.lengli-learn";
				PRODUCT_NAME = "$(TARGET_NAME)";
				TARGETED_DEVICE_FAMILY = "1,2";
			};
			name = Debug;
		};
		F81D4C4822B9FBC800D82B84 /* Release */ = {
			isa = XCBuildConfiguration;
			buildSettings = {
				ASSETCATALOG_COMPILER_APPICON_NAME = AppIcon;
				CODE_SIGN_STYLE = Automatic;
				INFOPLIST_FILE = lengli_learn/Info.plist;
				LD_RUNPATH_SEARCH_PATHS = (
					"$(inherited)",
					"@executable_path/Frameworks",
				);
				PRODUCT_BUNDLE_IDENTIFIER = "com.Bitcoin.lengli-learn";
				PRODUCT_NAME = "$(TARGET_NAME)";
				TARGETED_DEVICE_FAMILY = "1,2";
			};
			name = Release;
		};
		F81D4C4A22B9FBC800D82B84 /* Debug */ = {
			isa = XCBuildConfiguration;
			buildSettings = {
				BUNDLE_LOADER = "$(TEST_HOST)";
				CODE_SIGN_STYLE = Automatic;
				INFOPLIST_FILE = lengli_learnTests/Info.plist;
				LD_RUNPATH_SEARCH_PATHS = (
					"$(inherited)",
					"@executable_path/Frameworks",
					"@loader_path/Frameworks",
				);
				PRODUCT_BUNDLE_IDENTIFIER = "com.Bitcoin.lengli-learnTests";
				PRODUCT_NAME = "$(TARGET_NAME)";
				TARGETED_DEVICE_FAMILY = "1,2";
				TEST_HOST = "$(BUILT_PRODUCTS_DIR)/lengli_learn.app/lengli_learn";
			};
			name = Debug;
		};
		F81D4C4B22B9FBC800D82B84 /* Release */ = {
			isa = XCBuildConfiguration;
			buildSettings = {
				BUNDLE_LOADER = "$(TEST_HOST)";
				CODE_SIGN_STYLE = Automatic;
				INFOPLIST_FILE = lengli_learnTests/Info.plist;
				LD_RUNPATH_SEARCH_PATHS = (
					"$(inherited)",
					"@executable_path/Frameworks",
					"@loader_path/Frameworks",
				);
				PRODUCT_BUNDLE_IDENTIFIER = "com.Bitcoin.lengli-learnTests";
				PRODUCT_NAME = "$(TARGET_NAME)";
				TARGETED_DEVICE_FAMILY = "1,2";
				TEST_HOST = "$(BUILT_PRODUCTS_DIR)/lengli_learn.app/lengli_learn";
			};
			name = Release;
		};
		F81D4C4D22B9FBC800D82B84 /* Debug */ = {
			isa = XCBuildConfiguration;
			buildSettings = {
				CODE_SIGN_STYLE = Automatic;
				INFOPLIST_FILE = lengli_learnUITests/Info.plist;
				LD_RUNPATH_SEARCH_PATHS = (
					"$(inherited)",
					"@executable_path/Frameworks",
					"@loader_path/Frameworks",
				);
				PRODUCT_BUNDLE_IDENTIFIER = "com.Bitcoin.lengli-learnUITests";
				PRODUCT_NAME = "$(TARGET_NAME)";
				TARGETED_DEVICE_FAMILY = "1,2";
				TEST_TARGET_NAME = lengli_learn;
			};
			name = Debug;
		};
		F81D4C4E22B9FBC800D82B84 /* Release */ = {
			isa = XCBuildConfiguration;
			buildSettings = {
				CODE_SIGN_STYLE = Automatic;
				INFOPLIST_FILE = lengli_learnUITests/Info.plist;
				LD_RUNPATH_SEARCH_PATHS = (
					"$(inherited)",
					"@executable_path/Frameworks",
					"@loader_path/Frameworks",
				);
				PRODUCT_BUNDLE_IDENTIFIER = "com.Bitcoin.lengli-learnUITests";
				PRODUCT_NAME = "$(TARGET_NAME)";
				TARGETED_DEVICE_FAMILY = "1,2";
				TEST_TARGET_NAME = lengli_learn;
			};
			name = Release;
		};
/* End XCBuildConfiguration section */

/* Begin XCConfigurationList section */
		F81D4C1522B9FBC700D82B84 /* Build configuration list for PBXProject "lengli_learn" */ = {
			isa = XCConfigurationList;
			buildConfigurations = (
				F81D4C4422B9FBC800D82B84 /* Debug */,
				F81D4C4522B9FBC800D82B84 /* Release */,
			);
			defaultConfigurationIsVisible = 0;
			defaultConfigurationName = Release;
		};
		F81D4C4622B9FBC800D82B84 /* Build configuration list for PBXNativeTarget "lengli_learn" */ = {
			isa = XCConfigurationList;
			buildConfigurations = (
				F81D4C4722B9FBC800D82B84 /* Debug */,
				F81D4C4822B9FBC800D82B84 /* Release */,
			);
			defaultConfigurationIsVisible = 0;
			defaultConfigurationName = Release;
		};
		F81D4C4922B9FBC800D82B84 /* Build configuration list for PBXNativeTarget "lengli_learnTests" */ = {
			isa = XCConfigurationList;
			buildConfigurations = (
				F81D4C4A22B9FBC800D82B84 /* Debug */,
				F81D4C4B22B9FBC800D82B84 /* Release */,
			);
			defaultConfigurationIsVisible = 0;
			defaultConfigurationName = Release;
		};
		F81D4C4C22B9FBC800D82B84 /* Build configuration list for PBXNativeTarget "lengli_learnUITests" */ = {
			isa = XCConfigurationList;
			buildConfigurations = (
				F81D4C4D22B9FBC800D82B84 /* Debug */,
				F81D4C4E22B9FBC800D82B84 /* Release */,
			);
			defaultConfigurationIsVisible = 0;
			defaultConfigurationName = Release;
		};
/* End XCConfigurationList section */
	};
	rootObject = F81D4C1222B9FBC700D82B84 /* Project object */;
}
